
Microsoft Visual Studio Solution File, Format Version 12.00
# Visual Studio Version 17
VisualStudioVersion = 17.10.35122.118
MinimumVisualStudioVersion = 10.0.40219.1
Project("{9A19103F-16F7-4668-BE54-9A1E7A4F7556}") = "NotesApp", "NotesApp\NotesApp.csproj", "{36B13105-6AB1-4983-B6D0-1CA1984E8FE4}"
EndProject
Project("{9A19103F-16F7-4668-BE54-9A1E7A4F7556}") = "DataAccess", "DataAccess\DataAccess.csproj", "{0BF989E7-2B17-4B7E-A2F7-2C8F3A677450}"
EndProject
Project("{9A19103F-16F7-4668-BE54-9A1E7A4F7556}") = "AuthLibrary", "AuthLibrary\AuthLibrary.csproj", "{CD5A43C4-5798-437F-9AEA-951F6999314E}"
EndProject
Project("{FAE04EC0-301F-11D3-BF4B-00C04F79EFBC}") = "UnitTest", "UnitTest\UnitTest.csproj", "{82274A8D-EF7F-460F-9E92-0AB8E732B20B}"
EndProject
Global
	GlobalSection(SolutionConfigurationPlatforms) = preSolution
		Debug|Any CPU = Debug|Any CPU
		Release|Any CPU = Release|Any CPU
	EndGlobalSection
	GlobalSection(ProjectConfigurationPlatforms) = postSolution
		{36B13105-6AB1-4983-B6D0-1CA1984E8FE4}.Debug|Any CPU.ActiveCfg = Debug|Any CPU
		{36B13105-6AB1-4983-B6D0-1CA1984E8FE4}.Debug|Any CPU.Build.0 = Debug|Any CPU
		{36B13105-6AB1-4983-B6D0-1CA1984E8FE4}.Release|Any CPU.ActiveCfg = Release|Any CPU
		{36B13105-6AB1-4983-B6D0-1CA1984E8FE4}.Release|Any CPU.Build.0 = Release|Any CPU
		{0BF989E7-2B17-4B7E-A2F7-2C8F3A677450}.Debug|Any CPU.ActiveCfg = Debug|Any CPU
		{0BF989E7-2B17-4B7E-A2F7-2C8F3A677450}.Debug|Any CPU.Build.0 = Debug|Any CPU
		{0BF989E7-2B17-4B7E-A2F7-2C8F3A677450}.Release|Any CPU.ActiveCfg = Release|Any CPU
		{0BF989E7-2B17-4B7E-A2F7-2C8F3A677450}.Release|Any CPU.Build.0 = Release|Any CPU
		{CD5A43C4-5798-437F-9AEA-951F6999314E}.Debug|Any CPU.ActiveCfg = Debug|Any CPU
		{CD5A43C4-5798-437F-9AEA-951F6999314E}.Debug|Any CPU.Build.0 = Debug|Any CPU
		{CD5A43C4-5798-437F-9AEA-951F6999314E}.Release|Any CPU.ActiveCfg = Release|Any CPU
		{CD5A43C4-5798-437F-9AEA-951F6999314E}.Release|Any CPU.Build.0 = Release|Any CPU
		{82274A8D-EF7F-460F-9E92-0AB8E732B20B}.Debug|Any CPU.ActiveCfg = Debug|Any CPU
		{82274A8D-EF7F-460F-9E92-0AB8E732B20B}.Debug|Any CPU.Build.0 = Debug|Any CPU
		{82274A8D-EF7F-460F-9E92-0AB8E732B20B}.Release|Any CPU.ActiveCfg = Release|Any CPU
		{82274A8D-EF7F-460F-9E92-0AB8E732B20B}.Release|Any CPU.Build.0 = Release|Any CPU
	EndGlobalSection
	GlobalSection(SolutionProperties) = preSolution
		HideSolutionNode = FALSE
	EndGlobalSection
	GlobalSection(ExtensibilityGlobals) = postSolution
		SolutionGuid = {DC2D2BC2-CE45-4A25-9486-6F40B784C65F}
	EndGlobalSection
EndGlobal
